
Microsoft Visual Studio Solution File, Format Version 12.00
# Visual Studio Version 17
VisualStudioVersion = 17.0.31903.59
MinimumVisualStudioVersion = 10.0.40219.1
Project("{FAE04EC0-301F-11D3-BF4B-00C04F79EFBC}") = "QSParsingConsoleApp", "QSParsingConsoleApp\QSParsingConsoleApp.csproj", "{CC6812B8-B505-4A2E-8C5F-FF7E32EB2566}"
EndProject
Project("{FAE04EC0-301F-11D3-BF4B-00C04F79EFBC}") = "QSParsingConsoleApp.Test", "QSParsingConsoleApp.Test\QSParsingConsoleApp.Test.csproj", "{58021523-1AB6-47B6-AE6D-0C917E8824A9}"
EndProject
Global
	GlobalSection(SolutionConfigurationPlatforms) = preSolution
		Debug|Any CPU = Debug|Any CPU
		Release|Any CPU = Release|Any CPU
	EndGlobalSection
	GlobalSection(SolutionProperties) = preSolution
		HideSolutionNode = FALSE
	EndGlobalSection
	GlobalSection(ProjectConfigurationPlatforms) = postSolution
		{CC6812B8-B505-4A2E-8C5F-FF7E32EB2566}.Debug|Any CPU.ActiveCfg = Debug|Any CPU
		{CC6812B8-B505-4A2E-8C5F-FF7E32EB2566}.Debug|Any CPU.Build.0 = Debug|Any CPU
		{CC6812B8-B505-4A2E-8C5F-FF7E32EB2566}.Release|Any CPU.ActiveCfg = Release|Any CPU
		{CC6812B8-B505-4A2E-8C5F-FF7E32EB2566}.Release|Any CPU.Build.0 = Release|Any CPU
		{58021523-1AB6-47B6-AE6D-0C917E8824A9}.Debug|Any CPU.ActiveCfg = Debug|Any CPU
		{58021523-1AB6-47B6-AE6D-0C917E8824A9}.Debug|Any CPU.Build.0 = Debug|Any CPU
		{58021523-1AB6-47B6-AE6D-0C917E8824A9}.Release|Any CPU.ActiveCfg = Release|Any CPU
		{58021523-1AB6-47B6-AE6D-0C917E8824A9}.Release|Any CPU.Build.0 = Release|Any CPU
	EndGlobalSection
EndGlobal
